{
  "version": "1.0.0",
  "lockfileVersion": 1,
  "requires": true,
  "dependencies": {
    "iexec-oracle-contract": {
      "version": "1.1.5",
      "resolved": "https://registry.npmjs.org/iexec-oracle-contract/-/iexec-oracle-contract-1.1.5.tgz",
      "integrity": "sha1-Uh3zqmvoM5K2NhtUtAFEiNkHj5M=",
      "requires": {
        "rlc-token": "github:iexecblockchaincomputing/rlc-token#83cb61a1c61357edb56e63a6ef7fa3f2edbe51fa"
      }
    },
    "rlc-token": {
      "version": "github:iexecblockchaincomputing/rlc-token#83cb61a1c61357edb56e63a6ef7fa3f2edbe51fa"
    }
  }
}
